// !$*UTF8*$!
{
	archiveVersion = 1;
	classes = {
	};
	objectVersion = 50;
	objects = {

/* Begin PBXBuildFile section */
		48CA45B526463E3E00199AD9 /* AppDelegate.swift in Sources */ = {isa = PBXBuildFile; fileRef = 48CA45B426463E3E00199AD9 /* AppDelegate.swift */; };
		48CA45B726463E3E00199AD9 /* SceneDelegate.swift in Sources */ = {isa = PBXBuildFile; fileRef = 48CA45B626463E3E00199AD9 /* SceneDelegate.swift */; };
		48CA45B926463E3E00199AD9 /* ViewController.swift in Sources */ = {isa = PBXBuildFile; fileRef = 48CA45B826463E3E00199AD9 /* ViewController.swift */; };
		48CA45BC26463E3E00199AD9 /* Main.storyboard in Resources */ = {isa = PBXBuildFile; fileRef = 48CA45BA26463E3E00199AD9 /* Main.storyboard */; };
		48CA45BE26463E4100199AD9 /* Assets.xcassets in Resources */ = {isa = PBXBuildFile; fileRef = 48CA45BD26463E4100199AD9 /* Assets.xcassets */; };
		48CA45C126463E4100199AD9 /* LaunchScreen.storyboard in Resources */ = {isa = PBXBuildFile; fileRef = 48CA45BF26463E4100199AD9 /* LaunchScreen.storyboard */; };
		48CA45C92647087700199AD9 /* APICaller.swift in Sources */ = {isa = PBXBuildFile; fileRef = 48CA45C82647087600199AD9 /* APICaller.swift */; };
		48CA45CB264708C200199AD9 /* Constants.swift in Sources */ = {isa = PBXBuildFile; fileRef = 48CA45CA264708C200199AD9 /* Constants.swift */; };
		48CA45CD26484DAC00199AD9 /* Models.swift in Sources */ = {isa = PBXBuildFile; fileRef = 48CA45CC26484DAC00199AD9 /* Models.swift */; };
		48CA45CF26485AEB00199AD9 /* DogeTableViewCell.swift in Sources */ = {isa = PBXBuildFile; fileRef = 48CA45CE26485AEB00199AD9 /* DogeTableViewCell.swift */; };
/* End PBXBuildFile section */

/* Begin PBXFileReference section */
		48CA45B126463E3E00199AD9 /* DogeTracker.app */ = {isa = PBXFileReference; explicitFileType = wrapper.application; includeInIndex = 0; path = DogeTracker.app; sourceTree = BUILT_PRODUCTS_DIR; };
		48CA45B426463E3E00199AD9 /* AppDelegate.swift */ = {isa = PBXFileReference; lastKnownFileType = sourcecode.swift; path = AppDelegate.swift; sourceTree = "<group>"; };
		48CA45B626463E3E00199AD9 /* SceneDelegate.swift */ = {isa = PBXFileReference; lastKnownFileType = sourcecode.swift; path = SceneDelegate.swift; sourceTree = "<group>"; };
		48CA45B826463E3E00199AD9 /* ViewController.swift */ = {isa = PBXFileReference; lastKnownFileType = sourcecode.swift; path = ViewController.swift; sourceTree = "<group>"; };
		48CA45BB26463E3E00199AD9 /* Base */ = {isa = PBXFileReference; lastKnownFileType = file.storyboard; name = Base; path = Base.lproj/Main.storyboard; sourceTree = "<group>"; };
		48CA45BD26463E4100199AD9 /* Assets.xcassets */ = {isa = PBXFileReference; lastKnownFileType = folder.assetcatalog; path = Assets.xcassets; sourceTree = "<group>"; };
		48CA45C026463E4100199AD9 /* Base */ = {isa = PBXFileReference; lastKnownFileType = file.storyboard; name = Base; path = Base.lproj/LaunchScreen.storyboard; sourceTree = "<group>"; };
		48CA45C226463E4100199AD9 /* Info.plist */ = {isa = PBXFileReference; lastKnownFileType = text.plist.xml; path = Info.plist; sourceTree = "<group>"; };
		48CA45C82647087600199AD9 /* APICaller.swift */ = {isa = PBXFileReference; lastKnownFileType = sourcecode.swift; path = APICaller.swift; sourceTree = "<group>"; };
		48CA45CA264708C200199AD9 /* Constants.swift */ = {isa = PBXFileReference; lastKnownFileType = sourcecode.swift; path = Constants.swift; sourceTree = "<group>"; };
		48CA45CC26484DAC00199AD9 /* Models.swift */ = {isa = PBXFileReference; lastKnownFileType = sourcecode.swift; path = Models.swift; sourceTree = "<group>"; };
		48CA45CE26485AEB00199AD9 /* DogeTableViewCell.swift */ = {isa = PBXFileReference; lastKnownFileType = sourcecode.swift; path = DogeTableViewCell.swift; sourceTree = "<group>"; };
/* End PBXFileReference section */

/* Begin PBXFrameworksBuildPhase section */
		48CA45AE26463E3D00199AD9 /* Frameworks */ = {
			isa = PBXFrameworksBuildPhase;
			buildActionMask = 2147483647;
			files = (
			);
			runOnlyForDeploymentPostprocessing = 0;
		};
/* End PBXFrameworksBuildPhase section */

/* Begin PBXGroup section */
		48CA45A826463E3D00199AD9 = {
			isa = PBXGroup;
			children = (
				48CA45B326463E3E00199AD9 /* DogeTracker */,
				48CA45B226463E3E00199AD9 /* Products */,
			);
			sourceTree = "<group>";
		};
		48CA45B226463E3E00199AD9 /* Products */ = {
			isa = PBXGroup;
			children = (
				48CA45B126463E3E00199AD9 /* DogeTracker.app */,
			);
			name = Products;
			sourceTree = "<group>";
		};
		48CA45B326463E3E00199AD9 /* DogeTracker */ = {
			isa = PBXGroup;
			children = (
				48CA45B426463E3E00199AD9 /* AppDelegate.swift */,
				48CA45B626463E3E00199AD9 /* SceneDelegate.swift */,
				48CA45CA264708C200199AD9 /* Constants.swift */,
				48CA45C82647087600199AD9 /* APICaller.swift */,
				48CA45B826463E3E00199AD9 /* ViewController.swift */,
				48CA45BA26463E3E00199AD9 /* Main.storyboard */,
				48CA45BD26463E4100199AD9 /* Assets.xcassets */,
				48CA45BF26463E4100199AD9 /* LaunchScreen.storyboard */,
				48CA45C226463E4100199AD9 /* Info.plist */,
				48CA45CC26484DAC00199AD9 /* Models.swift */,
				48CA45CE26485AEB00199AD9 /* DogeTableViewCell.swift */,
			);
			path = DogeTracker;
			sourceTree = "<group>";
		};
/* End PBXGroup section */

/* Begin PBXNativeTarget section */
		48CA45B026463E3D00199AD9 /* DogeTracker */ = {
			isa = PBXNativeTarget;
			buildConfigurationList = 48CA45C526463E4100199AD9 /* Build configuration list for PBXNativeTarget "DogeTracker" */;
			buildPhases = (
				48CA45AD26463E3D00199AD9 /* Sources */,
				48CA45AE26463E3D00199AD9 /* Frameworks */,
				48CA45AF26463E3D00199AD9 /* Resources */,
			);
			buildRules = (
			);
			dependencies = (
			);
			name = DogeTracker;
			productName = DogeTracker;
			productReference = 48CA45B126463E3E00199AD9 /* DogeTracker.app */;
			productType = "com.apple.product-type.application";
		};
/* End PBXNativeTarget section */

/* Begin PBXProject section */
		48CA45A926463E3D00199AD9 /* Project object */ = {
			isa = PBXProject;
			attributes = {
				LastSwiftUpdateCheck = 1250;
				LastUpgradeCheck = 1250;
				TargetAttributes = {
					48CA45B026463E3D00199AD9 = {
						CreatedOnToolsVersion = 12.5;
					};
				};
			};
			buildConfigurationList = 48CA45AC26463E3D00199AD9 /* Build configuration list for PBXProject "DogeTracker" */;
			compatibilityVersion = "Xcode 9.3";
			developmentRegion = en;
			hasScannedForEncodings = 0;
			knownRegions = (
				en,
				Base,
			);
			mainGroup = 48CA45A826463E3D00199AD9;
			productRefGroup = 48CA45B226463E3E00199AD9 /* Products */;
			projectDirPath = "";
			projectRoot = "";
			targets = (
				48CA45B026463E3D00199AD9 /* DogeTracker */,
			);
		};
/* End PBXProject section */

/* Begin PBXResourcesBuildPhase section */
		48CA45AF26463E3D00199AD9 /* Resources */ = {
			isa = PBXResourcesBuildPhase;
			buildActionMask = 2147483647;
			files = (
				48CA45C126463E4100199AD9 /* LaunchScreen.storyboard in Resources */,
				48CA45BE26463E4100199AD9 /* Assets.xcassets in Resources */,
				48CA45BC26463E3E00199AD9 /* Main.storyboard in Resources */,
			);
			runOnlyForDeploymentPostprocessing = 0;
		};
/* End PBXResourcesBuildPhase section */

/* Begin PBXSourcesBuildPhase section */
		48CA45AD26463E3D00199AD9 /* Sources */ = {
			isa = PBXSourcesBuildPhase;
			buildActionMask = 2147483647;
			files = (
				48CA45CB264708C200199AD9 /* Constants.swift in Sources */,
				48CA45B926463E3E00199AD9 /* ViewController.swift in Sources */,
				48CA45CF26485AEB00199AD9 /* DogeTableViewCell.swift in Sources */,
				48CA45B526463E3E00199AD9 /* AppDelegate.swift in Sources */,
				48CA45CD26484DAC00199AD9 /* Models.swift in Sources */,
				48CA45B726463E3E00199AD9 /* SceneDelegate.swift in Sources */,
				48CA45C92647087700199AD9 /* APICaller.swift in Sources */,
			);
			runOnlyForDeploymentPostprocessing = 0;
		};
/* End PBXSourcesBuildPhase section */

/* Begin PBXVariantGroup section */
		48CA45BA26463E3E00199AD9 /* Main.storyboard */ = {
			isa = PBXVariantGroup;
			children = (
				48CA45BB26463E3E00199AD9 /* Base */,
			);
			name = Main.storyboard;
			sourceTree = "<group>";
		};
		48CA45BF26463E4100199AD9 /* LaunchScreen.storyboard */ = {
			isa = PBXVariantGroup;
			children = (
				48CA45C026463E4100199AD9 /* Base */,
			);
			name = LaunchScreen.storyboard;
			sourceTree = "<group>";
		};
/* End PBXVariantGroup section */

/* Begin XCBuildConfiguration section */
		48CA45C326463E4100199AD9 /* Debug */ = {
			isa = XCBuildConfiguration;
			buildSettings = {
				ALWAYS_SEARCH_USER_PATHS = NO;
				CLANG_ANALYZER_NONNULL = YES;
				CLANG_ANALYZER_NUMBER_OBJECT_CONVERSION = YES_AGGRESSIVE;
				CLANG_CXX_LANGUAGE_STANDARD = "gnu++14";
				CLANG_CXX_LIBRARY = "libc++";
				CLANG_ENABLE_MODULES = YES;
				CLANG_ENABLE_OBJC_ARC = YES;
				CLANG_ENABLE_OBJC_WEAK = YES;
				CLANG_WARN_BLOCK_CAPTURE_AUTORELEASING = YES;
				CLANG_WARN_BOOL_CONVERSION = YES;
				CLANG_WARN_COMMA = YES;
				CLANG_WARN_CONSTANT_CONVERSION = YES;
				CLANG_WARN_DEPRECATED_OBJC_IMPLEMENTATIONS = YES;
				CLANG_WARN_DIRECT_OBJC_ISA_USAGE = YES_ERROR;
				CLANG_WARN_DOCUMENTATION_COMMENTS = YES;
				CLANG_WARN_EMPTY_BODY = YES;
				CLANG_WARN_ENUM_CONVERSION = YES;
				CLANG_WARN_INFINITE_RECURSION = YES;
				CLANG_WARN_INT_CONVERSION = YES;
				CLANG_WARN_NON_LITERAL_NULL_CONVERSION = YES;
				CLANG_WARN_OBJC_IMPLICIT_RETAIN_SELF = YES;
				CLANG_WARN_OBJC_LITERAL_CONVERSION = YES;
				CLANG_WARN_OBJC_ROOT_CLASS = YES_ERROR;
				CLANG_WARN_QUOTED_INCLUDE_IN_FRAMEWORK_HEADER = YES;
				CLANG_WARN_RANGE_LOOP_ANALYSIS = YES;
				CLANG_WARN_STRICT_PROTOTYPES = YES;
				CLANG_WARN_SUSPICIOUS_MOVE = YES;
				CLANG_WARN_UNGUARDED_AVAILABILITY = YES_AGGRESSIVE;
				CLANG_WARN_UNREACHABLE_CODE = YES;
				CLANG_WARN__DUPLICATE_METHOD_MATCH = YES;
				COPY_PHASE_STRIP = NO;
				DEBUG_INFORMATION_FORMAT = dwarf;
				ENABLE_STRICT_OBJC_MSGSEND = YES;
				ENABLE_TESTABILITY = YES;
				GCC_C_LANGUAGE_STANDARD = gnu11;
				GCC_DYNAMIC_NO_PIC = NO;
				GCC_NO_COMMON_BLOCKS = YES;
				GCC_OPTIMIZATION_LEVEL = 0;
				GCC_PREPROCESSOR_DEFINITIONS = (
					"DEBUG=1",
					"$(inherited)",
				);
				GCC_WARN_64_TO_32_BIT_CONVERSION = YES;
				GCC_WARN_ABOUT_RETURN_TYPE = YES_ERROR;
				GCC_WARN_UNDECLARED_SELECTOR = YES;
				GCC_WARN_UNINITIALIZED_AUTOS = YES_AGGRESSIVE;
				GCC_WARN_UNUSED_FUNCTION = YES;
				GCC_WARN_UNUSED_VARIABLE = YES;
				IPHONEOS_DEPLOYMENT_TARGET = 14.5;
				MTL_ENABLE_DEBUG_INFO = INCLUDE_SOURCE;
				MTL_FAST_MATH = YES;
				ONLY_ACTIVE_ARCH = YES;
				SDKROOT = iphoneos;
				SWIFT_ACTIVE_COMPILATION_CONDITIONS = DEBUG;
				SWIFT_OPTIMIZATION_LEVEL = "-Onone";
			};
			name = Debug;
		};
		48CA45C426463E4100199AD9 /* Release */ = {
			isa = XCBuildConfiguration;
			buildSettings = {
				ALWAYS_SEARCH_USER_PATHS = NO;
				CLANG_ANALYZER_NONNULL = YES;
				CLANG_ANALYZER_NUMBER_OBJECT_CONVERSION = YES_AGGRESSIVE;
				CLANG_CXX_LANGUAGE_STANDARD = "gnu++14";
				CLANG_CXX_LIBRARY = "libc++";
				CLANG_ENABLE_MODULES = YES;
				CLANG_ENABLE_OBJC_ARC = YES;
				CLANG_ENABLE_OBJC_WEAK = YES;
				CLANG_WARN_BLOCK_CAPTURE_AUTORELEASING = YES;
				CLANG_WARN_BOOL_CONVERSION = YES;
				CLANG_WARN_COMMA = YES;
				CLANG_WARN_CONSTANT_CONVERSION = YES;
				CLANG_WARN_DEPRECATED_OBJC_IMPLEMENTATIONS = YES;
				CLANG_WARN_DIRECT_OBJC_ISA_USAGE = YES_ERROR;
				CLANG_WARN_DOCUMENTATION_COMMENTS = YES;
				CLANG_WARN_EMPTY_BODY = YES;
				CLANG_WARN_ENUM_CONVERSION = YES;
				CLANG_WARN_INFINITE_RECURSION = YES;
				CLANG_WARN_INT_CONVERSION = YES;
				CLANG_WARN_NON_LITERAL_NULL_CONVERSION = YES;
				CLANG_WARN_OBJC_IMPLICIT_RETAIN_SELF = YES;
				CLANG_WARN_OBJC_LITERAL_CONVERSION = YES;
				CLANG_WARN_OBJC_ROOT_CLASS = YES_ERROR;
				CLANG_WARN_QUOTED_INCLUDE_IN_FRAMEWORK_HEADER = YES;
				CLANG_WARN_RANGE_LOOP_ANALYSIS = YES;
				CLANG_WARN_STRICT_PROTOTYPES = YES;
				CLANG_WARN_SUSPICIOUS_MOVE = YES;
				CLANG_WARN_UNGUARDED_AVAILABILITY = YES_AGGRESSIVE;
				CLANG_WARN_UNREACHABLE_CODE = YES;
				CLANG_WARN__DUPLICATE_METHOD_MATCH = YES;
				COPY_PHASE_STRIP = NO;
				DEBUG_INFORMATION_FORMAT = "dwarf-with-dsym";
				ENABLE_NS_ASSERTIONS = NO;
				ENABLE_STRICT_OBJC_MSGSEND = YES;
				GCC_C_LANGUAGE_STANDARD = gnu11;
				GCC_NO_COMMON_BLOCKS = YES;
				GCC_WARN_64_TO_32_BIT_CONVERSION = YES;
				GCC_WARN_ABOUT_RETURN_TYPE = YES_ERROR;
				GCC_WARN_UNDECLARED_SELECTOR = YES;
				GCC_WARN_UNINITIALIZED_AUTOS = YES_AGGRESSIVE;
				GCC_WARN_UNUSED_FUNCTION = YES;
				GCC_WARN_UNUSED_VARIABLE = YES;
				IPHONEOS_DEPLOYMENT_TARGET = 14.5;
				MTL_ENABLE_DEBUG_INFO = NO;
				MTL_FAST_MATH = YES;
				SDKROOT = iphoneos;
				SWIFT_COMPILATION_MODE = wholemodule;
				SWIFT_OPTIMIZATION_LEVEL = "-O";
				VALIDATE_PRODUCT = YES;
			};
			name = Release;
		};
		48CA45C626463E4100199AD9 /* Debug */ = {
			isa = XCBuildConfiguration;
			buildSettings = {
				ASSETCATALOG_COMPILER_APPICON_NAME = AppIcon;
				ASSETCATALOG_COMPILER_GLOBAL_ACCENT_COLOR_NAME = AccentColor;
				CODE_SIGN_STYLE = Automatic;
				DEVELOPMENT_TEAM = 28Y3AJZ4MW;
				INFOPLIST_FILE = DogeTracker/Info.plist;
				LD_RUNPATH_SEARCH_PATHS = (
					"$(inherited)",
					"@executable_path/Frameworks",
				);
				PRODUCT_BUNDLE_IDENTIFIER = "com.gmail-carlosecardonam1.DogeTracker";
				PRODUCT_NAME = "$(TARGET_NAME)";
				SWIFT_VERSION = 5.0;
				TARGETED_DEVICE_FAMILY = 1;
			};
			name = Debug;
		};
		48CA45C726463E4100199AD9 /* Release */ = {
			isa = XCBuildConfiguration;
			buildSettings = {
				ASSETCATALOG_COMPILER_APPICON_NAME = AppIcon;
				ASSETCATALOG_COMPILER_GLOBAL_ACCENT_COLOR_NAME = AccentColor;
				CODE_SIGN_STYLE = Automatic;
				DEVELOPMENT_TEAM = 28Y3AJZ4MW;
				INFOPLIST_FILE = DogeTracker/Info.plist;
				LD_RUNPATH_SEARCH_PATHS = (
					"$(inherited)",
					"@executable_path/Frameworks",
				);
				PRODUCT_BUNDLE_IDENTIFIER = "com.gmail-carlosecardonam1.DogeTracker";
				PRODUCT_NAME = "$(TARGET_NAME)";
				SWIFT_VERSION = 5.0;
				TARGETED_DEVICE_FAMILY = 1;
			};
			name = Release;
		};
/* End XCBuildConfiguration section */

/* Begin XCConfigurationList section */
		48CA45AC26463E3D00199AD9 /* Build configuration list for PBXProject "DogeTracker" */ = {
			isa = XCConfigurationList;
			buildConfigurations = (
				48CA45C326463E4100199AD9 /* Debug */,
				48CA45C426463E4100199AD9 /* Release */,
			);
			defaultConfigurationIsVisible = 0;
			defaultConfigurationName = Release;
		};
		48CA45C526463E4100199AD9 /* Build configuration list for PBXNativeTarget "DogeTracker" */ = {
			isa = XCConfigurationList;
			buildConfigurations = (
				48CA45C626463E4100199AD9 /* Debug */,
				48CA45C726463E4100199AD9 /* Release */,
			);
			defaultConfigurationIsVisible = 0;
			defaultConfigurationName = Release;
		};
/* End XCConfigurationList section */
	};
	rootObject = 48CA45A926463E3D00199AD9 /* Project object */;
}
